
Microsoft Visual Studio Solution File, Format Version 12.00
# Visual Studio Version 17
VisualStudioVersion = 17.11.35222.181
MinimumVisualStudioVersion = 10.0.40219.1
Project("{FAE04EC0-301F-11D3-BF4B-00C04F79EFBC}") = "hit339group20", "hit339group20\hit339group20.csproj", "{C2F0322C-8B26-4FD2-BFCF-477E18AFC974}"
EndProject
Global
	GlobalSection(SolutionConfigurationPlatforms) = preSolution
		Debug|Any CPU = Debug|Any CPU
		Release|Any CPU = Release|Any CPU
	EndGlobalSection
	GlobalSection(ProjectConfigurationPlatforms) = postSolution
		{C2F0322C-8B26-4FD2-BFCF-477E18AFC974}.Debug|Any CPU.ActiveCfg = Debug|Any CPU
		{C2F0322C-8B26-4FD2-BFCF-477E18AFC974}.Debug|Any CPU.Build.0 = Debug|Any CPU
		{C2F0322C-8B26-4FD2-BFCF-477E18AFC974}.Release|Any CPU.ActiveCfg = Release|Any CPU
		{C2F0322C-8B26-4FD2-BFCF-477E18AFC974}.Release|Any CPU.Build.0 = Release|Any CPU
	EndGlobalSection
	GlobalSection(SolutionProperties) = preSolution
		HideSolutionNode = FALSE
	EndGlobalSection
	GlobalSection(ExtensibilityGlobals) = postSolution
		SolutionGuid = {7BAFDDBA-0A1E-4750-8C43-3F65E9BFE037}
	EndGlobalSection
EndGlobal
